{
	"name": "vsc-xcomponent-extension",
	"version": "0.3.0",
	"lockfileVersion": 1,
	"dependencies": {
		"es6-promise": {
			"version": "4.1.0",
			"resolved": "https://registry.npmjs.org/es6-promise/-/es6-promise-4.1.0.tgz",
			"integrity": "sha1-3aA8qPn4m8WX5omEKSnee6jOvfA="
		},
		"es6-promisify": {
			"version": "5.0.0",
			"resolved": "https://registry.npmjs.org/es6-promisify/-/es6-promisify-5.0.0.tgz",
			"integrity": "sha1-UQnWLz5W6pZ8S2NQWu8IKRyKUgM="
		},
		"lodash": {
			"version": "4.17.4",
			"resolved": "https://registry.npmjs.org/lodash/-/lodash-4.17.4.tgz",
			"integrity": "sha1-eCA6TRwyiuHYbcpkYONptX9AVa4="
		},
		"sax": {
			"version": "1.2.2",
			"resolved": "https://registry.npmjs.org/sax/-/sax-1.2.2.tgz",
			"integrity": "sha1-/YYxojvHgmvvXYcb24c3jJVkeCg="
		},
		"xml2js": {
			"version": "0.4.17",
			"resolved": "https://registry.npmjs.org/xml2js/-/xml2js-0.4.17.tgz",
			"integrity": "sha1-F76T6q4/O3eTWceVtBlwWogX6Gg="
		},
		"xmlbuilder": {
			"version": "4.2.1",
			"resolved": "https://registry.npmjs.org/xmlbuilder/-/xmlbuilder-4.2.1.tgz",
			"integrity": "sha1-qlijBBoGb5DqoWwvU4n/GfP0YaU="
		}
	}
}
